<?xml version="1.0" encoding="utf-8"?>
<Project ToolsVersion="17.0" xmlns="http://schemas.microsoft.com/developer/msbuild/2003">
  <ItemGroup>
    <CustomBuild Include="D:\ProjectFiles\ClionProject\OBSIM\build_fix\CMakeFiles\710d34e26628079729305de2746e591d\generate.stamp.rule">
      <Filter>CMake Rules</Filter>
    </CustomBuild>
  </ItemGroup>
  <ItemGroup>
    <Filter Include="CMake Rules">
      <UniqueIdentifier>{B19DEB98-F4B2-347F-80EE-BF9A3EFCFFCD}</UniqueIdentifier>
    </Filter>
  </ItemGroup>
</Project>
